
Microsoft Visual Studio Solution File, Format Version 12.00
# Visual Studio Version 17
VisualStudioVersion = 17.0.32014.148
MinimumVisualStudioVersion = 10.0.40219.1
Project("{FAE04EC0-301F-11D3-BF4B-00C04F79EFBC}") = "introPOO1", "introPOO1.csproj", "{3BF3EB0D-A003-41D0-BC10-B342D42A78EE}"
EndProject
Global
	GlobalSection(SolutionConfigurationPlatforms) = preSolution
		Debug|Any CPU = Debug|Any CPU
		Release|Any CPU = Release|Any CPU
	EndGlobalSection
	GlobalSection(ProjectConfigurationPlatforms) = postSolution
		{3BF3EB0D-A003-41D0-BC10-B342D42A78EE}.Debug|Any CPU.ActiveCfg = Debug|Any CPU
		{3BF3EB0D-A003-41D0-BC10-B342D42A78EE}.Debug|Any CPU.Build.0 = Debug|Any CPU
		{3BF3EB0D-A003-41D0-BC10-B342D42A78EE}.Release|Any CPU.ActiveCfg = Release|Any CPU
		{3BF3EB0D-A003-41D0-BC10-B342D42A78EE}.Release|Any CPU.Build.0 = Release|Any CPU
	EndGlobalSection
	GlobalSection(SolutionProperties) = preSolution
		HideSolutionNode = FALSE
	EndGlobalSection
	GlobalSection(ExtensibilityGlobals) = postSolution
		SolutionGuid = {D6E0631A-ADAB-4E45-9B3B-0338C4A87574}
	EndGlobalSection
EndGlobal
