
Microsoft Visual Studio Solution File, Format Version 12.00
# Visual Studio Version 17
VisualStudioVersion = 17.6.33723.286
MinimumVisualStudioVersion = 10.0.40219.1
Project("{FAE04EC0-301F-11D3-BF4B-00C04F79EFBC}") = "Arreglos", "Arreglos\Arreglos.csproj", "{FDBAB2EA-D46A-45A9-BB58-B572BBD54234}"
EndProject
Global
	GlobalSection(SolutionConfigurationPlatforms) = preSolution
		Debug|Any CPU = Debug|Any CPU
		Release|Any CPU = Release|Any CPU
	EndGlobalSection
	GlobalSection(ProjectConfigurationPlatforms) = postSolution
		{FDBAB2EA-D46A-45A9-BB58-B572BBD54234}.Debug|Any CPU.ActiveCfg = Debug|Any CPU
		{FDBAB2EA-D46A-45A9-BB58-B572BBD54234}.Debug|Any CPU.Build.0 = Debug|Any CPU
		{FDBAB2EA-D46A-45A9-BB58-B572BBD54234}.Release|Any CPU.ActiveCfg = Release|Any CPU
		{FDBAB2EA-D46A-45A9-BB58-B572BBD54234}.Release|Any CPU.Build.0 = Release|Any CPU
	EndGlobalSection
	GlobalSection(SolutionProperties) = preSolution
		HideSolutionNode = FALSE
	EndGlobalSection
	GlobalSection(ExtensibilityGlobals) = postSolution
		SolutionGuid = {4CF35D35-70F4-4A39-BACC-48C4DD7600D1}
	EndGlobalSection
EndGlobal
