
Microsoft Visual Studio Solution File, Format Version 12.00
# Visual Studio Version 17
VisualStudioVersion = 17.6.33723.286
MinimumVisualStudioVersion = 10.0.40219.1
Project("{FAE04EC0-301F-11D3-BF4B-00C04F79EFBC}") = "SistemaVentas", "SistemaVentas\SistemaVentas.csproj", "{5E20884F-E4C9-4F15-B5E3-B798B94193E0}"
EndProject
Global
	GlobalSection(SolutionConfigurationPlatforms) = preSolution
		Debug|Any CPU = Debug|Any CPU
		Release|Any CPU = Release|Any CPU
	EndGlobalSection
	GlobalSection(ProjectConfigurationPlatforms) = postSolution
		{5E20884F-E4C9-4F15-B5E3-B798B94193E0}.Debug|Any CPU.ActiveCfg = Debug|Any CPU
		{5E20884F-E4C9-4F15-B5E3-B798B94193E0}.Debug|Any CPU.Build.0 = Debug|Any CPU
		{5E20884F-E4C9-4F15-B5E3-B798B94193E0}.Release|Any CPU.ActiveCfg = Release|Any CPU
		{5E20884F-E4C9-4F15-B5E3-B798B94193E0}.Release|Any CPU.Build.0 = Release|Any CPU
	EndGlobalSection
	GlobalSection(SolutionProperties) = preSolution
		HideSolutionNode = FALSE
	EndGlobalSection
	GlobalSection(ExtensibilityGlobals) = postSolution
		SolutionGuid = {134DD738-0962-44ED-8321-5794CEA926E4}
	EndGlobalSection
EndGlobal
