
Microsoft Visual Studio Solution File, Format Version 12.00
# Visual Studio Version 17
VisualStudioVersion = 17.6.33723.286
MinimumVisualStudioVersion = 10.0.40219.1
Project("{FAE04EC0-301F-11D3-BF4B-00C04F79EFBC}") = "Condicionar_if_y_else", "Condicionar_if_y_else\Condicionar_if_y_else.csproj", "{862AD10A-CCB1-4C51-8F2E-42C99DC604ED}"
EndProject
Global
	GlobalSection(SolutionConfigurationPlatforms) = preSolution
		Debug|Any CPU = Debug|Any CPU
		Release|Any CPU = Release|Any CPU
	EndGlobalSection
	GlobalSection(ProjectConfigurationPlatforms) = postSolution
		{862AD10A-CCB1-4C51-8F2E-42C99DC604ED}.Debug|Any CPU.ActiveCfg = Debug|Any CPU
		{862AD10A-CCB1-4C51-8F2E-42C99DC604ED}.Debug|Any CPU.Build.0 = Debug|Any CPU
		{862AD10A-CCB1-4C51-8F2E-42C99DC604ED}.Release|Any CPU.ActiveCfg = Release|Any CPU
		{862AD10A-CCB1-4C51-8F2E-42C99DC604ED}.Release|Any CPU.Build.0 = Release|Any CPU
	EndGlobalSection
	GlobalSection(SolutionProperties) = preSolution
		HideSolutionNode = FALSE
	EndGlobalSection
	GlobalSection(ExtensibilityGlobals) = postSolution
		SolutionGuid = {5B197D3C-E701-4F3B-BD66-7DAC9DE0A274}
	EndGlobalSection
EndGlobal
