
Microsoft Visual Studio Solution File, Format Version 12.00
# Visual Studio Version 17
VisualStudioVersion = 17.0.32014.148
MinimumVisualStudioVersion = 10.0.40219.1
Project("{FAE04EC0-301F-11D3-BF4B-00C04F79EFBC}") = "Arreglos", "Arreglos.csproj", "{EC118FEC-3181-49AB-8E6C-D981E9A2257C}"
EndProject
Global
	GlobalSection(SolutionConfigurationPlatforms) = preSolution
		Debug|Any CPU = Debug|Any CPU
		Release|Any CPU = Release|Any CPU
	EndGlobalSection
	GlobalSection(ProjectConfigurationPlatforms) = postSolution
		{EC118FEC-3181-49AB-8E6C-D981E9A2257C}.Debug|Any CPU.ActiveCfg = Debug|Any CPU
		{EC118FEC-3181-49AB-8E6C-D981E9A2257C}.Debug|Any CPU.Build.0 = Debug|Any CPU
		{EC118FEC-3181-49AB-8E6C-D981E9A2257C}.Release|Any CPU.ActiveCfg = Release|Any CPU
		{EC118FEC-3181-49AB-8E6C-D981E9A2257C}.Release|Any CPU.Build.0 = Release|Any CPU
	EndGlobalSection
	GlobalSection(SolutionProperties) = preSolution
		HideSolutionNode = FALSE
	EndGlobalSection
	GlobalSection(ExtensibilityGlobals) = postSolution
		SolutionGuid = {A658EB29-87CA-4055-9C44-1753FA271E2F}
	EndGlobalSection
EndGlobal
