
Microsoft Visual Studio Solution File, Format Version 12.00
# Visual Studio Version 17
VisualStudioVersion = 17.0.32014.148
MinimumVisualStudioVersion = 10.0.40219.1
Project("{FAE04EC0-301F-11D3-BF4B-00C04F79EFBC}") = "Bucle_For_ListBox", "Bucle_For_ListBox.csproj", "{DDD3A8A2-2C77-4822-8FD7-1E8B2A3CD663}"
EndProject
Global
	GlobalSection(SolutionConfigurationPlatforms) = preSolution
		Debug|Any CPU = Debug|Any CPU
		Release|Any CPU = Release|Any CPU
	EndGlobalSection
	GlobalSection(ProjectConfigurationPlatforms) = postSolution
		{DDD3A8A2-2C77-4822-8FD7-1E8B2A3CD663}.Debug|Any CPU.ActiveCfg = Debug|Any CPU
		{DDD3A8A2-2C77-4822-8FD7-1E8B2A3CD663}.Debug|Any CPU.Build.0 = Debug|Any CPU
		{DDD3A8A2-2C77-4822-8FD7-1E8B2A3CD663}.Release|Any CPU.ActiveCfg = Release|Any CPU
		{DDD3A8A2-2C77-4822-8FD7-1E8B2A3CD663}.Release|Any CPU.Build.0 = Release|Any CPU
	EndGlobalSection
	GlobalSection(SolutionProperties) = preSolution
		HideSolutionNode = FALSE
	EndGlobalSection
	GlobalSection(ExtensibilityGlobals) = postSolution
		SolutionGuid = {1557AF0D-38DD-4952-AD0F-98659B43E039}
	EndGlobalSection
EndGlobal
